
Microsoft Visual Studio Solution File, Format Version 12.00
# Visual Studio Version 17
VisualStudioVersion = 17.7.34024.191
MinimumVisualStudioVersion = 10.0.40219.1
Project("{2150E333-8FDC-42A3-9474-1A3956D46DE8}") = "Task0", "Task0", "{9B53D157-FC0F-41E9-A76D-F559A91393BF}"
EndProject
Project("{FAE04EC0-301F-11D3-BF4B-00C04F79EFBC}") = "Tyuiu.BeketovVN.Sprint1.Task0.V11", "Tyuiu.BeketovVN.Sprint1.Task0.V11\Tyuiu.BeketovVN.Sprint1.Task0.V11.csproj", "{3478C52A-141A-447A-AFAE-D5CABBA3A167}"
EndProject
Project("{FAE04EC0-301F-11D3-BF4B-00C04F79EFBC}") = "Tyuiu.BeketovVN.Sprint1.Task0.V11.Lib", "Tyuiu.BeketovVN.Sprint1.Task0.V11.Lib\Tyuiu.BeketovVN.Sprint1.Task0.V11.Lib.csproj", "{43CA25D0-2204-4960-BBDB-3B827B170244}"
EndProject
Project("{FAE04EC0-301F-11D3-BF4B-00C04F79EFBC}") = "Tyuiu.BeketovVN.Sprint1.Task0.V11.Test", "Tyuiu.BeketovVN.Sprint1.Task0.V11.Test\Tyuiu.BeketovVN.Sprint1.Task0.V11.Test.csproj", "{74A64655-6BD5-4461-A4FA-CFD6DEDC6CFB}"
EndProject
Project("{2150E333-8FDC-42A3-9474-1A3956D46DE8}") = "Task1", "Task1", "{1A787D56-827F-4BC2-894C-18B3B344AC46}"
EndProject
Project("{FAE04EC0-301F-11D3-BF4B-00C04F79EFBC}") = "Tyuiu.BeketovVN.Sprint1.Task1.V6.Test", "Tyuiu.BeketovVN.Sprint1.Task1.V6.Test\Tyuiu.BeketovVN.Sprint1.Task1.V6.Test.csproj", "{95E9F584-0089-4BFD-86FF-F2BD779B3ECE}"
EndProject
Project("{FAE04EC0-301F-11D3-BF4B-00C04F79EFBC}") = "Tyuiu.BeketovVN.Sprint1.Task1.V6", "Tyuiu.BeketovVN.Sprint1.Task1.V6\Tyuiu.BeketovVN.Sprint1.Task1.V6.csproj", "{DBBEA88E-545E-40DB-A953-4C1470607EA3}"
EndProject
Project("{FAE04EC0-301F-11D3-BF4B-00C04F79EFBC}") = "Tyuiu.BeketovVN.Sprint1.Task1.V6.Lib", "Tyuiu.BeketovVN.Sprint1.Task1.V6.Lib\Tyuiu.BeketovVN.Sprint1.Task1.V6.Lib.csproj", "{0B221415-4FB6-471B-A93E-B13C17F31D6E}"
EndProject
Project("{2150E333-8FDC-42A3-9474-1A3956D46DE8}") = "Task2", "Task2", "{5D41AF8F-EDF1-4FD9-8938-19E96825E834}"
EndProject
Project("{FAE04EC0-301F-11D3-BF4B-00C04F79EFBC}") = "Tyuiu.BeketovVN.Sprint1.Task2.V16", "Tyuiu.BeketovVN.Sprint1.Task2.V16\Tyuiu.BeketovVN.Sprint1.Task2.V16.csproj", "{8F61E30F-DD22-4ADF-957D-83A5E0BEEA94}"
EndProject
Project("{FAE04EC0-301F-11D3-BF4B-00C04F79EFBC}") = "Tyuiu.BeketovVN.Sprint1.Task2.V16.Lib", "Tyuiu.BeketovVN.Sprint1.Task2.V16.Lib\Tyuiu.BeketovVN.Sprint1.Task2.V16.Lib.csproj", "{9C2E5AD9-8331-4EEA-8659-BCE8D97ED963}"
EndProject
Project("{FAE04EC0-301F-11D3-BF4B-00C04F79EFBC}") = "Tyuiu.BeketovVN.Sprint1.Task2.V16.Test", "Tyuiu.BeketovVN.Sprint1.Task2.V16.Test\Tyuiu.BeketovVN.Sprint1.Task2.V16.Test.csproj", "{D4E34852-EF48-48CC-9381-FFDF9DD4809D}"
EndProject
Project("{2150E333-8FDC-42A3-9474-1A3956D46DE8}") = "Task3", "Task3", "{6823F91F-240B-41E6-A1E7-D8D12C67A7ED}"
EndProject
Project("{FAE04EC0-301F-11D3-BF4B-00C04F79EFBC}") = "Tyuiu.BeketovVN.Sprint1.Task3.V11", "Tyuiu.BeketovVN.Sprint1.Task3.V11\Tyuiu.BeketovVN.Sprint1.Task3.V11.csproj", "{24532FB1-C69F-44FD-90BB-CE670C813D69}"
EndProject
Project("{FAE04EC0-301F-11D3-BF4B-00C04F79EFBC}") = "Tyuiu.BeketovVN.Sprint1.Task3.V11.Test", "Tyuiu.BeketovVN.Sprint1.Task3.V11.Test\Tyuiu.BeketovVN.Sprint1.Task3.V11.Test.csproj", "{3065EF3A-3012-48CF-A57D-A95A71BB63C7}"
EndProject
Project("{FAE04EC0-301F-11D3-BF4B-00C04F79EFBC}") = "Tyuiu.BeketovVN.Sprint1.Task3.V11.Lib", "Tyuiu.BeketovVN.Sprint1.Task3.V11.Lib\Tyuiu.BeketovVN.Sprint1.Task3.V11.Lib.csproj", "{5E22C7E2-F3BE-4FA7-A77E-A7D642F9D681}"
EndProject
Project("{2150E333-8FDC-42A3-9474-1A3956D46DE8}") = "Task4", "Task4", "{93AECFCF-4FFE-46A2-BD32-BF271B0821E1}"
EndProject
Project("{FAE04EC0-301F-11D3-BF4B-00C04F79EFBC}") = "Tyuiu.BeketovVN.Sprint1.Task4.V23", "Tyuiu.BeketovVN.Sprint1.Task4.V23\Tyuiu.BeketovVN.Sprint1.Task4.V23.csproj", "{760DD2FC-AD1D-4E01-B9C9-2D8B447B3553}"
EndProject
Project("{FAE04EC0-301F-11D3-BF4B-00C04F79EFBC}") = "Tyuiu.BeketovVN.Sprint1.Task4.V23.Lib", "Tyuiu.BeketovVN.Sprint1.Task4.V23.Lib\Tyuiu.BeketovVN.Sprint1.Task4.V23.Lib.csproj", "{93E2E865-AA64-4A1B-8344-F67CE1099AD7}"
EndProject
Project("{FAE04EC0-301F-11D3-BF4B-00C04F79EFBC}") = "Tyuiu.BeketovVN.Sprint1.Task4.V23.Test", "Tyuiu.BeketovVN.Sprint1.Task4.V23.Test\Tyuiu.BeketovVN.Sprint1.Task4.V23.Test.csproj", "{17064093-77B7-4C75-AA05-78A0BDCB50DE}"
EndProject
Global
	GlobalSection(SolutionConfigurationPlatforms) = preSolution
		Debug|Any CPU = Debug|Any CPU
		Release|Any CPU = Release|Any CPU
	EndGlobalSection
	GlobalSection(ProjectConfigurationPlatforms) = postSolution
		{3478C52A-141A-447A-AFAE-D5CABBA3A167}.Debug|Any CPU.ActiveCfg = Debug|Any CPU
		{3478C52A-141A-447A-AFAE-D5CABBA3A167}.Debug|Any CPU.Build.0 = Debug|Any CPU
		{3478C52A-141A-447A-AFAE-D5CABBA3A167}.Release|Any CPU.ActiveCfg = Release|Any CPU
		{3478C52A-141A-447A-AFAE-D5CABBA3A167}.Release|Any CPU.Build.0 = Release|Any CPU
		{43CA25D0-2204-4960-BBDB-3B827B170244}.Debug|Any CPU.ActiveCfg = Debug|Any CPU
		{43CA25D0-2204-4960-BBDB-3B827B170244}.Debug|Any CPU.Build.0 = Debug|Any CPU
		{43CA25D0-2204-4960-BBDB-3B827B170244}.Release|Any CPU.ActiveCfg = Release|Any CPU
		{43CA25D0-2204-4960-BBDB-3B827B170244}.Release|Any CPU.Build.0 = Release|Any CPU
		{74A64655-6BD5-4461-A4FA-CFD6DEDC6CFB}.Debug|Any CPU.ActiveCfg = Debug|Any CPU
		{74A64655-6BD5-4461-A4FA-CFD6DEDC6CFB}.Debug|Any CPU.Build.0 = Debug|Any CPU
		{74A64655-6BD5-4461-A4FA-CFD6DEDC6CFB}.Release|Any CPU.ActiveCfg = Release|Any CPU
		{74A64655-6BD5-4461-A4FA-CFD6DEDC6CFB}.Release|Any CPU.Build.0 = Release|Any CPU
		{95E9F584-0089-4BFD-86FF-F2BD779B3ECE}.Debug|Any CPU.ActiveCfg = Debug|Any CPU
		{95E9F584-0089-4BFD-86FF-F2BD779B3ECE}.Debug|Any CPU.Build.0 = Debug|Any CPU
		{95E9F584-0089-4BFD-86FF-F2BD779B3ECE}.Release|Any CPU.ActiveCfg = Release|Any CPU
		{95E9F584-0089-4BFD-86FF-F2BD779B3ECE}.Release|Any CPU.Build.0 = Release|Any CPU
		{DBBEA88E-545E-40DB-A953-4C1470607EA3}.Debug|Any CPU.ActiveCfg = Debug|Any CPU
		{DBBEA88E-545E-40DB-A953-4C1470607EA3}.Debug|Any CPU.Build.0 = Debug|Any CPU
		{DBBEA88E-545E-40DB-A953-4C1470607EA3}.Release|Any CPU.ActiveCfg = Release|Any CPU
		{DBBEA88E-545E-40DB-A953-4C1470607EA3}.Release|Any CPU.Build.0 = Release|Any CPU
		{0B221415-4FB6-471B-A93E-B13C17F31D6E}.Debug|Any CPU.ActiveCfg = Debug|Any CPU
		{0B221415-4FB6-471B-A93E-B13C17F31D6E}.Debug|Any CPU.Build.0 = Debug|Any CPU
		{0B221415-4FB6-471B-A93E-B13C17F31D6E}.Release|Any CPU.ActiveCfg = Release|Any CPU
		{0B221415-4FB6-471B-A93E-B13C17F31D6E}.Release|Any CPU.Build.0 = Release|Any CPU
		{8F61E30F-DD22-4ADF-957D-83A5E0BEEA94}.Debug|Any CPU.ActiveCfg = Debug|Any CPU
		{8F61E30F-DD22-4ADF-957D-83A5E0BEEA94}.Debug|Any CPU.Build.0 = Debug|Any CPU
		{8F61E30F-DD22-4ADF-957D-83A5E0BEEA94}.Release|Any CPU.ActiveCfg = Release|Any CPU
		{8F61E30F-DD22-4ADF-957D-83A5E0BEEA94}.Release|Any CPU.Build.0 = Release|Any CPU
		{9C2E5AD9-8331-4EEA-8659-BCE8D97ED963}.Debug|Any CPU.ActiveCfg = Debug|Any CPU
		{9C2E5AD9-8331-4EEA-8659-BCE8D97ED963}.Debug|Any CPU.Build.0 = Debug|Any CPU
		{9C2E5AD9-8331-4EEA-8659-BCE8D97ED963}.Release|Any CPU.ActiveCfg = Release|Any CPU
		{9C2E5AD9-8331-4EEA-8659-BCE8D97ED963}.Release|Any CPU.Build.0 = Release|Any CPU
		{D4E34852-EF48-48CC-9381-FFDF9DD4809D}.Debug|Any CPU.ActiveCfg = Debug|Any CPU
		{D4E34852-EF48-48CC-9381-FFDF9DD4809D}.Debug|Any CPU.Build.0 = Debug|Any CPU
		{D4E34852-EF48-48CC-9381-FFDF9DD4809D}.Release|Any CPU.ActiveCfg = Release|Any CPU
		{D4E34852-EF48-48CC-9381-FFDF9DD4809D}.Release|Any CPU.Build.0 = Release|Any CPU
		{24532FB1-C69F-44FD-90BB-CE670C813D69}.Debug|Any CPU.ActiveCfg = Debug|Any CPU
		{24532FB1-C69F-44FD-90BB-CE670C813D69}.Debug|Any CPU.Build.0 = Debug|Any CPU
		{24532FB1-C69F-44FD-90BB-CE670C813D69}.Release|Any CPU.ActiveCfg = Release|Any CPU
		{24532FB1-C69F-44FD-90BB-CE670C813D69}.Release|Any CPU.Build.0 = Release|Any CPU
		{3065EF3A-3012-48CF-A57D-A95A71BB63C7}.Debug|Any CPU.ActiveCfg = Debug|Any CPU
		{3065EF3A-3012-48CF-A57D-A95A71BB63C7}.Debug|Any CPU.Build.0 = Debug|Any CPU
		{3065EF3A-3012-48CF-A57D-A95A71BB63C7}.Release|Any CPU.ActiveCfg = Release|Any CPU
		{3065EF3A-3012-48CF-A57D-A95A71BB63C7}.Release|Any CPU.Build.0 = Release|Any CPU
		{5E22C7E2-F3BE-4FA7-A77E-A7D642F9D681}.Debug|Any CPU.ActiveCfg = Debug|Any CPU
		{5E22C7E2-F3BE-4FA7-A77E-A7D642F9D681}.Debug|Any CPU.Build.0 = Debug|Any CPU
		{5E22C7E2-F3BE-4FA7-A77E-A7D642F9D681}.Release|Any CPU.ActiveCfg = Release|Any CPU
		{5E22C7E2-F3BE-4FA7-A77E-A7D642F9D681}.Release|Any CPU.Build.0 = Release|Any CPU
		{760DD2FC-AD1D-4E01-B9C9-2D8B447B3553}.Debug|Any CPU.ActiveCfg = Debug|Any CPU
		{760DD2FC-AD1D-4E01-B9C9-2D8B447B3553}.Debug|Any CPU.Build.0 = Debug|Any CPU
		{760DD2FC-AD1D-4E01-B9C9-2D8B447B3553}.Release|Any CPU.ActiveCfg = Release|Any CPU
		{760DD2FC-AD1D-4E01-B9C9-2D8B447B3553}.Release|Any CPU.Build.0 = Release|Any CPU
		{93E2E865-AA64-4A1B-8344-F67CE1099AD7}.Debug|Any CPU.ActiveCfg = Debug|Any CPU
		{93E2E865-AA64-4A1B-8344-F67CE1099AD7}.Debug|Any CPU.Build.0 = Debug|Any CPU
		{93E2E865-AA64-4A1B-8344-F67CE1099AD7}.Release|Any CPU.ActiveCfg = Release|Any CPU
		{93E2E865-AA64-4A1B-8344-F67CE1099AD7}.Release|Any CPU.Build.0 = Release|Any CPU
		{17064093-77B7-4C75-AA05-78A0BDCB50DE}.Debug|Any CPU.ActiveCfg = Debug|Any CPU
		{17064093-77B7-4C75-AA05-78A0BDCB50DE}.Debug|Any CPU.Build.0 = Debug|Any CPU
		{17064093-77B7-4C75-AA05-78A0BDCB50DE}.Release|Any CPU.ActiveCfg = Release|Any CPU
		{17064093-77B7-4C75-AA05-78A0BDCB50DE}.Release|Any CPU.Build.0 = Release|Any CPU
	EndGlobalSection
	GlobalSection(SolutionProperties) = preSolution
		HideSolutionNode = FALSE
	EndGlobalSection
	GlobalSection(NestedProjects) = preSolution
		{3478C52A-141A-447A-AFAE-D5CABBA3A167} = {9B53D157-FC0F-41E9-A76D-F559A91393BF}
		{43CA25D0-2204-4960-BBDB-3B827B170244} = {9B53D157-FC0F-41E9-A76D-F559A91393BF}
		{74A64655-6BD5-4461-A4FA-CFD6DEDC6CFB} = {9B53D157-FC0F-41E9-A76D-F559A91393BF}
		{95E9F584-0089-4BFD-86FF-F2BD779B3ECE} = {1A787D56-827F-4BC2-894C-18B3B344AC46}
		{DBBEA88E-545E-40DB-A953-4C1470607EA3} = {1A787D56-827F-4BC2-894C-18B3B344AC46}
		{0B221415-4FB6-471B-A93E-B13C17F31D6E} = {1A787D56-827F-4BC2-894C-18B3B344AC46}
		{8F61E30F-DD22-4ADF-957D-83A5E0BEEA94} = {5D41AF8F-EDF1-4FD9-8938-19E96825E834}
		{9C2E5AD9-8331-4EEA-8659-BCE8D97ED963} = {5D41AF8F-EDF1-4FD9-8938-19E96825E834}
		{D4E34852-EF48-48CC-9381-FFDF9DD4809D} = {5D41AF8F-EDF1-4FD9-8938-19E96825E834}
		{24532FB1-C69F-44FD-90BB-CE670C813D69} = {6823F91F-240B-41E6-A1E7-D8D12C67A7ED}
		{3065EF3A-3012-48CF-A57D-A95A71BB63C7} = {6823F91F-240B-41E6-A1E7-D8D12C67A7ED}
		{5E22C7E2-F3BE-4FA7-A77E-A7D642F9D681} = {6823F91F-240B-41E6-A1E7-D8D12C67A7ED}
		{760DD2FC-AD1D-4E01-B9C9-2D8B447B3553} = {93AECFCF-4FFE-46A2-BD32-BF271B0821E1}
		{93E2E865-AA64-4A1B-8344-F67CE1099AD7} = {93AECFCF-4FFE-46A2-BD32-BF271B0821E1}
		{17064093-77B7-4C75-AA05-78A0BDCB50DE} = {93AECFCF-4FFE-46A2-BD32-BF271B0821E1}
	EndGlobalSection
	GlobalSection(ExtensibilityGlobals) = postSolution
		SolutionGuid = {1ABDE421-4B31-4BAF-8772-ED61305442DA}
	EndGlobalSection
EndGlobal
